// !$*UTF8*$!
{
	archiveVersion = 1;
	classes = {
	};
	objectVersion = 55;
	objects = {

/* Begin PBXBuildFile section */
		C1E5CBBA27F2BF330087882E /* AppDelegate.swift in Sources */ = {isa = PBXBuildFile; fileRef = C1E5CBB927F2BF330087882E /* AppDelegate.swift */; };
		C1E5CBBC27F2BF330087882E /* SceneDelegate.swift in Sources */ = {isa = PBXBuildFile; fileRef = C1E5CBBB27F2BF330087882E /* SceneDelegate.swift */; };
		C1E5CBBE27F2BF330087882E /* ViewController.swift in Sources */ = {isa = PBXBuildFile; fileRef = C1E5CBBD27F2BF330087882E /* ViewController.swift */; };
		C1E5CBC627F2BF350087882E /* LaunchScreen.storyboard in Resources */ = {isa = PBXBuildFile; fileRef = C1E5CBC427F2BF350087882E /* LaunchScreen.storyboard */; };
		C1E5CBD127F2BF360087882E /* BaetaverseTests.swift in Sources */ = {isa = PBXBuildFile; fileRef = C1E5CBD027F2BF360087882E /* BaetaverseTests.swift */; };
		C1E5CBDB27F2BF360087882E /* BaetaverseUITests.swift in Sources */ = {isa = PBXBuildFile; fileRef = C1E5CBDA27F2BF360087882E /* BaetaverseUITests.swift */; };
		C1E5CBDD27F2BF360087882E /* BaetaverseUITestsLaunchTests.swift in Sources */ = {isa = PBXBuildFile; fileRef = C1E5CBDC27F2BF360087882E /* BaetaverseUITestsLaunchTests.swift */; };
		C1E5CBF127F2BFBD0087882E /* BULoginViewController.swift in Sources */ = {isa = PBXBuildFile; fileRef = C1E5CBEB27F2BFBC0087882E /* BULoginViewController.swift */; };
		C1E5CBF227F2BFBD0087882E /* BUMainViewController.swift in Sources */ = {isa = PBXBuildFile; fileRef = C1E5CBEC27F2BFBC0087882E /* BUMainViewController.swift */; };
		C1E5CBF327F2BFBD0087882E /* BUEstimateListViewController.swift in Sources */ = {isa = PBXBuildFile; fileRef = C1E5CBED27F2BFBC0087882E /* BUEstimateListViewController.swift */; };
		C1E5CBF427F2BFBD0087882E /* BUEstimateDetailViewController.swift in Sources */ = {isa = PBXBuildFile; fileRef = C1E5CBEE27F2BFBD0087882E /* BUEstimateDetailViewController.swift */; };
		C1E5CBF527F2BFBD0087882E /* BUEstimateDueDateViewController.swift in Sources */ = {isa = PBXBuildFile; fileRef = C1E5CBEF27F2BFBD0087882E /* BUEstimateDueDateViewController.swift */; };
		C1E5CBF627F2BFBD0087882E /* BUDepartureViewController.swift in Sources */ = {isa = PBXBuildFile; fileRef = C1E5CBF027F2BFBD0087882E /* BUDepartureViewController.swift */; };
		C1E5CBF827F2C0150087882E /* Assets.xcassets in Resources */ = {isa = PBXBuildFile; fileRef = C1E5CBF727F2C0150087882E /* Assets.xcassets */; };
		C1E5CC0127F2C0AF0087882E /* Main.storyboard in Resources */ = {isa = PBXBuildFile; fileRef = C1E5CBFF27F2C0AF0087882E /* Main.storyboard */; };
/* End PBXBuildFile section */

/* Begin PBXContainerItemProxy section */
		C1E5CBCD27F2BF360087882E /* PBXContainerItemProxy */ = {
			isa = PBXContainerItemProxy;
			containerPortal = C1E5CBAE27F2BF330087882E /* Project object */;
			proxyType = 1;
			remoteGlobalIDString = C1E5CBB527F2BF330087882E;
			remoteInfo = Baetaverse;
		};
		C1E5CBD727F2BF360087882E /* PBXContainerItemProxy */ = {
			isa = PBXContainerItemProxy;
			containerPortal = C1E5CBAE27F2BF330087882E /* Project object */;
			proxyType = 1;
			remoteGlobalIDString = C1E5CBB527F2BF330087882E;
			remoteInfo = Baetaverse;
		};
/* End PBXContainerItemProxy section */

/* Begin PBXFileReference section */
		C1E5CBB627F2BF330087882E /* Baetaverse.app */ = {isa = PBXFileReference; explicitFileType = wrapper.application; includeInIndex = 0; path = Baetaverse.app; sourceTree = BUILT_PRODUCTS_DIR; };
		C1E5CBB927F2BF330087882E /* AppDelegate.swift */ = {isa = PBXFileReference; lastKnownFileType = sourcecode.swift; path = AppDelegate.swift; sourceTree = "<group>"; };
		C1E5CBBB27F2BF330087882E /* SceneDelegate.swift */ = {isa = PBXFileReference; lastKnownFileType = sourcecode.swift; path = SceneDelegate.swift; sourceTree = "<group>"; };
		C1E5CBBD27F2BF330087882E /* ViewController.swift */ = {isa = PBXFileReference; lastKnownFileType = sourcecode.swift; path = ViewController.swift; sourceTree = "<group>"; };
		C1E5CBC527F2BF350087882E /* Base */ = {isa = PBXFileReference; lastKnownFileType = file.storyboard; name = Base; path = Base.lproj/LaunchScreen.storyboard; sourceTree = "<group>"; };
		C1E5CBC727F2BF350087882E /* Info.plist */ = {isa = PBXFileReference; lastKnownFileType = text.plist.xml; path = Info.plist; sourceTree = "<group>"; };
		C1E5CBCC27F2BF360087882E /* BaetaverseTests.xctest */ = {isa = PBXFileReference; explicitFileType = wrapper.cfbundle; includeInIndex = 0; path = BaetaverseTests.xctest; sourceTree = BUILT_PRODUCTS_DIR; };
		C1E5CBD027F2BF360087882E /* BaetaverseTests.swift */ = {isa = PBXFileReference; lastKnownFileType = sourcecode.swift; path = BaetaverseTests.swift; sourceTree = "<group>"; };
		C1E5CBD627F2BF360087882E /* BaetaverseUITests.xctest */ = {isa = PBXFileReference; explicitFileType = wrapper.cfbundle; includeInIndex = 0; path = BaetaverseUITests.xctest; sourceTree = BUILT_PRODUCTS_DIR; };
		C1E5CBDA27F2BF360087882E /* BaetaverseUITests.swift */ = {isa = PBXFileReference; lastKnownFileType = sourcecode.swift; path = BaetaverseUITests.swift; sourceTree = "<group>"; };
		C1E5CBDC27F2BF360087882E /* BaetaverseUITestsLaunchTests.swift */ = {isa = PBXFileReference; lastKnownFileType = sourcecode.swift; path = BaetaverseUITestsLaunchTests.swift; sourceTree = "<group>"; };
		C1E5CBEB27F2BFBC0087882E /* BULoginViewController.swift */ = {isa = PBXFileReference; fileEncoding = 4; lastKnownFileType = sourcecode.swift; path = BULoginViewController.swift; sourceTree = "<group>"; };
		C1E5CBEC27F2BFBC0087882E /* BUMainViewController.swift */ = {isa = PBXFileReference; fileEncoding = 4; lastKnownFileType = sourcecode.swift; path = BUMainViewController.swift; sourceTree = "<group>"; };
		C1E5CBED27F2BFBC0087882E /* BUEstimateListViewController.swift */ = {isa = PBXFileReference; fileEncoding = 4; lastKnownFileType = sourcecode.swift; path = BUEstimateListViewController.swift; sourceTree = "<group>"; };
		C1E5CBEE27F2BFBD0087882E /* BUEstimateDetailViewController.swift */ = {isa = PBXFileReference; fileEncoding = 4; lastKnownFileType = sourcecode.swift; path = BUEstimateDetailViewController.swift; sourceTree = "<group>"; };
		C1E5CBEF27F2BFBD0087882E /* BUEstimateDueDateViewController.swift */ = {isa = PBXFileReference; fileEncoding = 4; lastKnownFileType = sourcecode.swift; path = BUEstimateDueDateViewController.swift; sourceTree = "<group>"; };
		C1E5CBF027F2BFBD0087882E /* BUDepartureViewController.swift */ = {isa = PBXFileReference; fileEncoding = 4; lastKnownFileType = sourcecode.swift; path = BUDepartureViewController.swift; sourceTree = "<group>"; };
		C1E5CBF727F2C0150087882E /* Assets.xcassets */ = {isa = PBXFileReference; lastKnownFileType = folder.assetcatalog; path = Assets.xcassets; sourceTree = "<group>"; };
		C1E5CC0027F2C0AF0087882E /* Base */ = {isa = PBXFileReference; lastKnownFileType = file.storyboard; name = Base; path = Base.lproj/Main.storyboard; sourceTree = "<group>"; };
/* End PBXFileReference section */

/* Begin PBXFrameworksBuildPhase section */
		C1E5CBB327F2BF330087882E /* Frameworks */ = {
			isa = PBXFrameworksBuildPhase;
			buildActionMask = 2147483647;
			files = (
			);
			runOnlyForDeploymentPostprocessing = 0;
		};
		C1E5CBC927F2BF360087882E /* Frameworks */ = {
			isa = PBXFrameworksBuildPhase;
			buildActionMask = 2147483647;
			files = (
			);
			runOnlyForDeploymentPostprocessing = 0;
		};
		C1E5CBD327F2BF360087882E /* Frameworks */ = {
			isa = PBXFrameworksBuildPhase;
			buildActionMask = 2147483647;
			files = (
			);
			runOnlyForDeploymentPostprocessing = 0;
		};
/* End PBXFrameworksBuildPhase section */

/* Begin PBXGroup section */
		C1E5CBAD27F2BF330087882E = {
			isa = PBXGroup;
			children = (
				C1E5CBB827F2BF330087882E /* Baetaverse */,
				C1E5CBCF27F2BF360087882E /* BaetaverseTests */,
				C1E5CBD927F2BF360087882E /* BaetaverseUITests */,
				C1E5CBB727F2BF330087882E /* Products */,
			);
			sourceTree = "<group>";
		};
		C1E5CBB727F2BF330087882E /* Products */ = {
			isa = PBXGroup;
			children = (
				C1E5CBB627F2BF330087882E /* Baetaverse.app */,
				C1E5CBCC27F2BF360087882E /* BaetaverseTests.xctest */,
				C1E5CBD627F2BF360087882E /* BaetaverseUITests.xctest */,
			);
			name = Products;
			sourceTree = "<group>";
		};
		C1E5CBB827F2BF330087882E /* Baetaverse */ = {
			isa = PBXGroup;
			children = (
				C1E5CBF727F2C0150087882E /* Assets.xcassets */,
				C1E5CBF027F2BFBD0087882E /* BUDepartureViewController.swift */,
				C1E5CBEE27F2BFBD0087882E /* BUEstimateDetailViewController.swift */,
				C1E5CBEF27F2BFBD0087882E /* BUEstimateDueDateViewController.swift */,
				C1E5CBED27F2BFBC0087882E /* BUEstimateListViewController.swift */,
				C1E5CBEB27F2BFBC0087882E /* BULoginViewController.swift */,
				C1E5CBEC27F2BFBC0087882E /* BUMainViewController.swift */,
				C1E5CBB927F2BF330087882E /* AppDelegate.swift */,
				C1E5CBBB27F2BF330087882E /* SceneDelegate.swift */,
				C1E5CBBD27F2BF330087882E /* ViewController.swift */,
				C1E5CBC427F2BF350087882E /* LaunchScreen.storyboard */,
				C1E5CBFF27F2C0AF0087882E /* Main.storyboard */,
				C1E5CBC727F2BF350087882E /* Info.plist */,
			);
			path = Baetaverse;
			sourceTree = "<group>";
		};
		C1E5CBCF27F2BF360087882E /* BaetaverseTests */ = {
			isa = PBXGroup;
			children = (
				C1E5CBD027F2BF360087882E /* BaetaverseTests.swift */,
			);
			path = BaetaverseTests;
			sourceTree = "<group>";
		};
		C1E5CBD927F2BF360087882E /* BaetaverseUITests */ = {
			isa = PBXGroup;
			children = (
				C1E5CBDA27F2BF360087882E /* BaetaverseUITests.swift */,
				C1E5CBDC27F2BF360087882E /* BaetaverseUITestsLaunchTests.swift */,
			);
			path = BaetaverseUITests;
			sourceTree = "<group>";
		};
/* End PBXGroup section */

/* Begin PBXNativeTarget section */
		C1E5CBB527F2BF330087882E /* Baetaverse */ = {
			isa = PBXNativeTarget;
			buildConfigurationList = C1E5CBE027F2BF360087882E /* Build configuration list for PBXNativeTarget "Baetaverse" */;
			buildPhases = (
				C1E5CBB227F2BF330087882E /* Sources */,
				C1E5CBB327F2BF330087882E /* Frameworks */,
				C1E5CBB427F2BF330087882E /* Resources */,
			);
			buildRules = (
			);
			dependencies = (
			);
			name = Baetaverse;
			productName = Baetaverse;
			productReference = C1E5CBB627F2BF330087882E /* Baetaverse.app */;
			productType = "com.apple.product-type.application";
		};
		C1E5CBCB27F2BF360087882E /* BaetaverseTests */ = {
			isa = PBXNativeTarget;
			buildConfigurationList = C1E5CBE327F2BF360087882E /* Build configuration list for PBXNativeTarget "BaetaverseTests" */;
			buildPhases = (
				C1E5CBC827F2BF360087882E /* Sources */,
				C1E5CBC927F2BF360087882E /* Frameworks */,
				C1E5CBCA27F2BF360087882E /* Resources */,
			);
			buildRules = (
			);
			dependencies = (
				C1E5CBCE27F2BF360087882E /* PBXTargetDependency */,
			);
			name = BaetaverseTests;
			productName = BaetaverseTests;
			productReference = C1E5CBCC27F2BF360087882E /* BaetaverseTests.xctest */;
			productType = "com.apple.product-type.bundle.unit-test";
		};
		C1E5CBD527F2BF360087882E /* BaetaverseUITests */ = {
			isa = PBXNativeTarget;
			buildConfigurationList = C1E5CBE627F2BF360087882E /* Build configuration list for PBXNativeTarget "BaetaverseUITests" */;
			buildPhases = (
				C1E5CBD227F2BF360087882E /* Sources */,
				C1E5CBD327F2BF360087882E /* Frameworks */,
				C1E5CBD427F2BF360087882E /* Resources */,
			);
			buildRules = (
			);
			dependencies = (
				C1E5CBD827F2BF360087882E /* PBXTargetDependency */,
			);
			name = BaetaverseUITests;
			productName = BaetaverseUITests;
			productReference = C1E5CBD627F2BF360087882E /* BaetaverseUITests.xctest */;
			productType = "com.apple.product-type.bundle.ui-testing";
		};
/* End PBXNativeTarget section */

/* Begin PBXProject section */
		C1E5CBAE27F2BF330087882E /* Project object */ = {
			isa = PBXProject;
			attributes = {
				BuildIndependentTargetsInParallel = 1;
				LastSwiftUpdateCheck = 1330;
				LastUpgradeCheck = 1330;
				TargetAttributes = {
					C1E5CBB527F2BF330087882E = {
						CreatedOnToolsVersion = 13.3;
					};
					C1E5CBCB27F2BF360087882E = {
						CreatedOnToolsVersion = 13.3;
						TestTargetID = C1E5CBB527F2BF330087882E;
					};
					C1E5CBD527F2BF360087882E = {
						CreatedOnToolsVersion = 13.3;
						TestTargetID = C1E5CBB527F2BF330087882E;
					};
				};
			};
			buildConfigurationList = C1E5CBB127F2BF330087882E /* Build configuration list for PBXProject "Baetaverse" */;
			compatibilityVersion = "Xcode 13.0";
			developmentRegion = en;
			hasScannedForEncodings = 0;
			knownRegions = (
				en,
				Base,
			);
			mainGroup = C1E5CBAD27F2BF330087882E;
			productRefGroup = C1E5CBB727F2BF330087882E /* Products */;
			projectDirPath = "";
			projectRoot = "";
			targets = (
				C1E5CBB527F2BF330087882E /* Baetaverse */,
				C1E5CBCB27F2BF360087882E /* BaetaverseTests */,
				C1E5CBD527F2BF360087882E /* BaetaverseUITests */,
			);
		};
/* End PBXProject section */

/* Begin PBXResourcesBuildPhase section */
		C1E5CBB427F2BF330087882E /* Resources */ = {
			isa = PBXResourcesBuildPhase;
			buildActionMask = 2147483647;
			files = (
				C1E5CC0127F2C0AF0087882E /* Main.storyboard in Resources */,
				C1E5CBF827F2C0150087882E /* Assets.xcassets in Resources */,
				C1E5CBC627F2BF350087882E /* LaunchScreen.storyboard in Resources */,
			);
			runOnlyForDeploymentPostprocessing = 0;
		};
		C1E5CBCA27F2BF360087882E /* Resources */ = {
			isa = PBXResourcesBuildPhase;
			buildActionMask = 2147483647;
			files = (
			);
			runOnlyForDeploymentPostprocessing = 0;
		};
		C1E5CBD427F2BF360087882E /* Resources */ = {
			isa = PBXResourcesBuildPhase;
			buildActionMask = 2147483647;
			files = (
			);
			runOnlyForDeploymentPostprocessing = 0;
		};
/* End PBXResourcesBuildPhase section */

/* Begin PBXSourcesBuildPhase section */
		C1E5CBB227F2BF330087882E /* Sources */ = {
			isa = PBXSourcesBuildPhase;
			buildActionMask = 2147483647;
			files = (
				C1E5CBBE27F2BF330087882E /* ViewController.swift in Sources */,
				C1E5CBF227F2BFBD0087882E /* BUMainViewController.swift in Sources */,
				C1E5CBF127F2BFBD0087882E /* BULoginViewController.swift in Sources */,
				C1E5CBF627F2BFBD0087882E /* BUDepartureViewController.swift in Sources */,
				C1E5CBF327F2BFBD0087882E /* BUEstimateListViewController.swift in Sources */,
				C1E5CBBA27F2BF330087882E /* AppDelegate.swift in Sources */,
				C1E5CBF427F2BFBD0087882E /* BUEstimateDetailViewController.swift in Sources */,
				C1E5CBF527F2BFBD0087882E /* BUEstimateDueDateViewController.swift in Sources */,
				C1E5CBBC27F2BF330087882E /* SceneDelegate.swift in Sources */,
			);
			runOnlyForDeploymentPostprocessing = 0;
		};
		C1E5CBC827F2BF360087882E /* Sources */ = {
			isa = PBXSourcesBuildPhase;
			buildActionMask = 2147483647;
			files = (
				C1E5CBD127F2BF360087882E /* BaetaverseTests.swift in Sources */,
			);
			runOnlyForDeploymentPostprocessing = 0;
		};
		C1E5CBD227F2BF360087882E /* Sources */ = {
			isa = PBXSourcesBuildPhase;
			buildActionMask = 2147483647;
			files = (
				C1E5CBDD27F2BF360087882E /* BaetaverseUITestsLaunchTests.swift in Sources */,
				C1E5CBDB27F2BF360087882E /* BaetaverseUITests.swift in Sources */,
			);
			runOnlyForDeploymentPostprocessing = 0;
		};
/* End PBXSourcesBuildPhase section */

/* Begin PBXTargetDependency section */
		C1E5CBCE27F2BF360087882E /* PBXTargetDependency */ = {
			isa = PBXTargetDependency;
			target = C1E5CBB527F2BF330087882E /* Baetaverse */;
			targetProxy = C1E5CBCD27F2BF360087882E /* PBXContainerItemProxy */;
		};
		C1E5CBD827F2BF360087882E /* PBXTargetDependency */ = {
			isa = PBXTargetDependency;
			target = C1E5CBB527F2BF330087882E /* Baetaverse */;
			targetProxy = C1E5CBD727F2BF360087882E /* PBXContainerItemProxy */;
		};
/* End PBXTargetDependency section */

/* Begin PBXVariantGroup section */
		C1E5CBC427F2BF350087882E /* LaunchScreen.storyboard */ = {
			isa = PBXVariantGroup;
			children = (
				C1E5CBC527F2BF350087882E /* Base */,
			);
			name = LaunchScreen.storyboard;
			sourceTree = "<group>";
		};
		C1E5CBFF27F2C0AF0087882E /* Main.storyboard */ = {
			isa = PBXVariantGroup;
			children = (
				C1E5CC0027F2C0AF0087882E /* Base */,
			);
			name = Main.storyboard;
			sourceTree = "<group>";
		};
/* End PBXVariantGroup section */

/* Begin XCBuildConfiguration section */
		C1E5CBDE27F2BF360087882E /* Debug */ = {
			isa = XCBuildConfiguration;
			buildSettings = {
				ALWAYS_SEARCH_USER_PATHS = NO;
				CLANG_ANALYZER_NONNULL = YES;
				CLANG_ANALYZER_NUMBER_OBJECT_CONVERSION = YES_AGGRESSIVE;
				CLANG_CXX_LANGUAGE_STANDARD = "gnu++17";
				CLANG_ENABLE_MODULES = YES;
				CLANG_ENABLE_OBJC_ARC = YES;
				CLANG_ENABLE_OBJC_WEAK = YES;
				CLANG_WARN_BLOCK_CAPTURE_AUTORELEASING = YES;
				CLANG_WARN_BOOL_CONVERSION = YES;
				CLANG_WARN_COMMA = YES;
				CLANG_WARN_CONSTANT_CONVERSION = YES;
				CLANG_WARN_DEPRECATED_OBJC_IMPLEMENTATIONS = YES;
				CLANG_WARN_DIRECT_OBJC_ISA_USAGE = YES_ERROR;
				CLANG_WARN_DOCUMENTATION_COMMENTS = YES;
				CLANG_WARN_EMPTY_BODY = YES;
				CLANG_WARN_ENUM_CONVERSION = YES;
				CLANG_WARN_INFINITE_RECURSION = YES;
				CLANG_WARN_INT_CONVERSION = YES;
				CLANG_WARN_NON_LITERAL_NULL_CONVERSION = YES;
				CLANG_WARN_OBJC_IMPLICIT_RETAIN_SELF = YES;
				CLANG_WARN_OBJC_LITERAL_CONVERSION = YES;
				CLANG_WARN_OBJC_ROOT_CLASS = YES_ERROR;
				CLANG_WARN_QUOTED_INCLUDE_IN_FRAMEWORK_HEADER = YES;
				CLANG_WARN_RANGE_LOOP_ANALYSIS = YES;
				CLANG_WARN_STRICT_PROTOTYPES = YES;
				CLANG_WARN_SUSPICIOUS_MOVE = YES;
				CLANG_WARN_UNGUARDED_AVAILABILITY = YES_AGGRESSIVE;
				CLANG_WARN_UNREACHABLE_CODE = YES;
				CLANG_WARN__DUPLICATE_METHOD_MATCH = YES;
				COPY_PHASE_STRIP = NO;
				DEBUG_INFORMATION_FORMAT = dwarf;
				ENABLE_STRICT_OBJC_MSGSEND = YES;
				ENABLE_TESTABILITY = YES;
				GCC_C_LANGUAGE_STANDARD = gnu11;
				GCC_DYNAMIC_NO_PIC = NO;
				GCC_NO_COMMON_BLOCKS = YES;
				GCC_OPTIMIZATION_LEVEL = 0;
				GCC_PREPROCESSOR_DEFINITIONS = (
					"DEBUG=1",
					"$(inherited)",
				);
				GCC_WARN_64_TO_32_BIT_CONVERSION = YES;
				GCC_WARN_ABOUT_RETURN_TYPE = YES_ERROR;
				GCC_WARN_UNDECLARED_SELECTOR = YES;
				GCC_WARN_UNINITIALIZED_AUTOS = YES_AGGRESSIVE;
				GCC_WARN_UNUSED_FUNCTION = YES;
				GCC_WARN_UNUSED_VARIABLE = YES;
				IPHONEOS_DEPLOYMENT_TARGET = 15.4;
				MTL_ENABLE_DEBUG_INFO = INCLUDE_SOURCE;
				MTL_FAST_MATH = YES;
				ONLY_ACTIVE_ARCH = YES;
				SDKROOT = iphoneos;
				SWIFT_ACTIVE_COMPILATION_CONDITIONS = DEBUG;
				SWIFT_OPTIMIZATION_LEVEL = "-Onone";
			};
			name = Debug;
		};
		C1E5CBDF27F2BF360087882E /* Release */ = {
			isa = XCBuildConfiguration;
			buildSettings = {
				ALWAYS_SEARCH_USER_PATHS = NO;
				CLANG_ANALYZER_NONNULL = YES;
				CLANG_ANALYZER_NUMBER_OBJECT_CONVERSION = YES_AGGRESSIVE;
				CLANG_CXX_LANGUAGE_STANDARD = "gnu++17";
				CLANG_ENABLE_MODULES = YES;
				CLANG_ENABLE_OBJC_ARC = YES;
				CLANG_ENABLE_OBJC_WEAK = YES;
				CLANG_WARN_BLOCK_CAPTURE_AUTORELEASING = YES;
				CLANG_WARN_BOOL_CONVERSION = YES;
				CLANG_WARN_COMMA = YES;
				CLANG_WARN_CONSTANT_CONVERSION = YES;
				CLANG_WARN_DEPRECATED_OBJC_IMPLEMENTATIONS = YES;
				CLANG_WARN_DIRECT_OBJC_ISA_USAGE = YES_ERROR;
				CLANG_WARN_DOCUMENTATION_COMMENTS = YES;
				CLANG_WARN_EMPTY_BODY = YES;
				CLANG_WARN_ENUM_CONVERSION = YES;
				CLANG_WARN_INFINITE_RECURSION = YES;
				CLANG_WARN_INT_CONVERSION = YES;
				CLANG_WARN_NON_LITERAL_NULL_CONVERSION = YES;
				CLANG_WARN_OBJC_IMPLICIT_RETAIN_SELF = YES;
				CLANG_WARN_OBJC_LITERAL_CONVERSION = YES;
				CLANG_WARN_OBJC_ROOT_CLASS = YES_ERROR;
				CLANG_WARN_QUOTED_INCLUDE_IN_FRAMEWORK_HEADER = YES;
				CLANG_WARN_RANGE_LOOP_ANALYSIS = YES;
				CLANG_WARN_STRICT_PROTOTYPES = YES;
				CLANG_WARN_SUSPICIOUS_MOVE = YES;
				CLANG_WARN_UNGUARDED_AVAILABILITY = YES_AGGRESSIVE;
				CLANG_WARN_UNREACHABLE_CODE = YES;
				CLANG_WARN__DUPLICATE_METHOD_MATCH = YES;
				COPY_PHASE_STRIP = NO;
				DEBUG_INFORMATION_FORMAT = "dwarf-with-dsym";
				ENABLE_NS_ASSERTIONS = NO;
				ENABLE_STRICT_OBJC_MSGSEND = YES;
				GCC_C_LANGUAGE_STANDARD = gnu11;
				GCC_NO_COMMON_BLOCKS = YES;
				GCC_WARN_64_TO_32_BIT_CONVERSION = YES;
				GCC_WARN_ABOUT_RETURN_TYPE = YES_ERROR;
				GCC_WARN_UNDECLARED_SELECTOR = YES;
				GCC_WARN_UNINITIALIZED_AUTOS = YES_AGGRESSIVE;
				GCC_WARN_UNUSED_FUNCTION = YES;
				GCC_WARN_UNUSED_VARIABLE = YES;
				IPHONEOS_DEPLOYMENT_TARGET = 15.4;
				MTL_ENABLE_DEBUG_INFO = NO;
				MTL_FAST_MATH = YES;
				SDKROOT = iphoneos;
				SWIFT_COMPILATION_MODE = wholemodule;
				SWIFT_OPTIMIZATION_LEVEL = "-O";
				VALIDATE_PRODUCT = YES;
			};
			name = Release;
		};
		C1E5CBE127F2BF360087882E /* Debug */ = {
			isa = XCBuildConfiguration;
			buildSettings = {
				ASSETCATALOG_COMPILER_APPICON_NAME = AppIcon;
				ASSETCATALOG_COMPILER_GLOBAL_ACCENT_COLOR_NAME = AccentColor;
				CODE_SIGN_STYLE = Automatic;
				CURRENT_PROJECT_VERSION = 1;
				DEVELOPMENT_TEAM = MLY2NY4CXP;
				GENERATE_INFOPLIST_FILE = YES;
				INFOPLIST_FILE = Baetaverse/Info.plist;
				INFOPLIST_KEY_UIApplicationSupportsIndirectInputEvents = YES;
				INFOPLIST_KEY_UILaunchStoryboardName = LaunchScreen;
				INFOPLIST_KEY_UIMainStoryboardFile = Main;
				INFOPLIST_KEY_UISupportedInterfaceOrientations_iPad = "UIInterfaceOrientationPortrait UIInterfaceOrientationPortraitUpsideDown UIInterfaceOrientationLandscapeLeft UIInterfaceOrientationLandscapeRight";
				INFOPLIST_KEY_UISupportedInterfaceOrientations_iPhone = "UIInterfaceOrientationPortrait UIInterfaceOrientationLandscapeLeft UIInterfaceOrientationLandscapeRight";
				LD_RUNPATH_SEARCH_PATHS = (
					"$(inherited)",
					"@executable_path/Frameworks",
				);
				MARKETING_VERSION = 1.0;
				PRODUCT_BUNDLE_IDENTIFIER = "io.github.capstone-2022-43.Baetaverse";
				PRODUCT_NAME = "$(TARGET_NAME)";
				SWIFT_EMIT_LOC_STRINGS = YES;
				SWIFT_VERSION = 5.0;
				TARGETED_DEVICE_FAMILY = "1,2";
			};
			name = Debug;
		};
		C1E5CBE227F2BF360087882E /* Release */ = {
			isa = XCBuildConfiguration;
			buildSettings = {
				ASSETCATALOG_COMPILER_APPICON_NAME = AppIcon;
				ASSETCATALOG_COMPILER_GLOBAL_ACCENT_COLOR_NAME = AccentColor;
				CODE_SIGN_STYLE = Automatic;
				CURRENT_PROJECT_VERSION = 1;
				DEVELOPMENT_TEAM = MLY2NY4CXP;
				GENERATE_INFOPLIST_FILE = YES;
				INFOPLIST_FILE = Baetaverse/Info.plist;
				INFOPLIST_KEY_UIApplicationSupportsIndirectInputEvents = YES;
				INFOPLIST_KEY_UILaunchStoryboardName = LaunchScreen;
				INFOPLIST_KEY_UIMainStoryboardFile = Main;
				INFOPLIST_KEY_UISupportedInterfaceOrientations_iPad = "UIInterfaceOrientationPortrait UIInterfaceOrientationPortraitUpsideDown UIInterfaceOrientationLandscapeLeft UIInterfaceOrientationLandscapeRight";
				INFOPLIST_KEY_UISupportedInterfaceOrientations_iPhone = "UIInterfaceOrientationPortrait UIInterfaceOrientationLandscapeLeft UIInterfaceOrientationLandscapeRight";
				LD_RUNPATH_SEARCH_PATHS = (
					"$(inherited)",
					"@executable_path/Frameworks",
				);
				MARKETING_VERSION = 1.0;
				PRODUCT_BUNDLE_IDENTIFIER = "io.github.capstone-2022-43.Baetaverse";
				PRODUCT_NAME = "$(TARGET_NAME)";
				SWIFT_EMIT_LOC_STRINGS = YES;
				SWIFT_VERSION = 5.0;
				TARGETED_DEVICE_FAMILY = "1,2";
			};
			name = Release;
		};
		C1E5CBE427F2BF360087882E /* Debug */ = {
			isa = XCBuildConfiguration;
			buildSettings = {
				ALWAYS_EMBED_SWIFT_STANDARD_LIBRARIES = YES;
				BUNDLE_LOADER = "$(TEST_HOST)";
				CODE_SIGN_STYLE = Automatic;
				CURRENT_PROJECT_VERSION = 1;
				DEVELOPMENT_TEAM = MLY2NY4CXP;
				GENERATE_INFOPLIST_FILE = YES;
				IPHONEOS_DEPLOYMENT_TARGET = 15.4;
				MARKETING_VERSION = 1.0;
				PRODUCT_BUNDLE_IDENTIFIER = "io.github.capstone-2022-43.BaetaverseTests";
				PRODUCT_NAME = "$(TARGET_NAME)";
				SWIFT_EMIT_LOC_STRINGS = NO;
				SWIFT_VERSION = 5.0;
				TARGETED_DEVICE_FAMILY = "1,2";
				TEST_HOST = "$(BUILT_PRODUCTS_DIR)/Baetaverse.app/Baetaverse";
			};
			name = Debug;
		};
		C1E5CBE527F2BF360087882E /* Release */ = {
			isa = XCBuildConfiguration;
			buildSettings = {
				ALWAYS_EMBED_SWIFT_STANDARD_LIBRARIES = YES;
				BUNDLE_LOADER = "$(TEST_HOST)";
				CODE_SIGN_STYLE = Automatic;
				CURRENT_PROJECT_VERSION = 1;
				DEVELOPMENT_TEAM = MLY2NY4CXP;
				GENERATE_INFOPLIST_FILE = YES;
				IPHONEOS_DEPLOYMENT_TARGET = 15.4;
				MARKETING_VERSION = 1.0;
				PRODUCT_BUNDLE_IDENTIFIER = "io.github.capstone-2022-43.BaetaverseTests";
				PRODUCT_NAME = "$(TARGET_NAME)";
				SWIFT_EMIT_LOC_STRINGS = NO;
				SWIFT_VERSION = 5.0;
				TARGETED_DEVICE_FAMILY = "1,2";
				TEST_HOST = "$(BUILT_PRODUCTS_DIR)/Baetaverse.app/Baetaverse";
			};
			name = Release;
		};
		C1E5CBE727F2BF360087882E /* Debug */ = {
			isa = XCBuildConfiguration;
			buildSettings = {
				ALWAYS_EMBED_SWIFT_STANDARD_LIBRARIES = YES;
				CODE_SIGN_STYLE = Automatic;
				CURRENT_PROJECT_VERSION = 1;
				DEVELOPMENT_TEAM = MLY2NY4CXP;
				GENERATE_INFOPLIST_FILE = YES;
				MARKETING_VERSION = 1.0;
				PRODUCT_BUNDLE_IDENTIFIER = "io.github.capstone-2022-43.BaetaverseUITests";
				PRODUCT_NAME = "$(TARGET_NAME)";
				SWIFT_EMIT_LOC_STRINGS = NO;
				SWIFT_VERSION = 5.0;
				TARGETED_DEVICE_FAMILY = "1,2";
				TEST_TARGET_NAME = Baetaverse;
			};
			name = Debug;
		};
		C1E5CBE827F2BF360087882E /* Release */ = {
			isa = XCBuildConfiguration;
			buildSettings = {
				ALWAYS_EMBED_SWIFT_STANDARD_LIBRARIES = YES;
				CODE_SIGN_STYLE = Automatic;
				CURRENT_PROJECT_VERSION = 1;
				DEVELOPMENT_TEAM = MLY2NY4CXP;
				GENERATE_INFOPLIST_FILE = YES;
				MARKETING_VERSION = 1.0;
				PRODUCT_BUNDLE_IDENTIFIER = "io.github.capstone-2022-43.BaetaverseUITests";
				PRODUCT_NAME = "$(TARGET_NAME)";
				SWIFT_EMIT_LOC_STRINGS = NO;
				SWIFT_VERSION = 5.0;
				TARGETED_DEVICE_FAMILY = "1,2";
				TEST_TARGET_NAME = Baetaverse;
			};
			name = Release;
		};
/* End XCBuildConfiguration section */

/* Begin XCConfigurationList section */
		C1E5CBB127F2BF330087882E /* Build configuration list for PBXProject "Baetaverse" */ = {
			isa = XCConfigurationList;
			buildConfigurations = (
				C1E5CBDE27F2BF360087882E /* Debug */,
				C1E5CBDF27F2BF360087882E /* Release */,
			);
			defaultConfigurationIsVisible = 0;
			defaultConfigurationName = Release;
		};
		C1E5CBE027F2BF360087882E /* Build configuration list for PBXNativeTarget "Baetaverse" */ = {
			isa = XCConfigurationList;
			buildConfigurations = (
				C1E5CBE127F2BF360087882E /* Debug */,
				C1E5CBE227F2BF360087882E /* Release */,
			);
			defaultConfigurationIsVisible = 0;
			defaultConfigurationName = Release;
		};
		C1E5CBE327F2BF360087882E /* Build configuration list for PBXNativeTarget "BaetaverseTests" */ = {
			isa = XCConfigurationList;
			buildConfigurations = (
				C1E5CBE427F2BF360087882E /* Debug */,
				C1E5CBE527F2BF360087882E /* Release */,
			);
			defaultConfigurationIsVisible = 0;
			defaultConfigurationName = Release;
		};
		C1E5CBE627F2BF360087882E /* Build configuration list for PBXNativeTarget "BaetaverseUITests" */ = {
			isa = XCConfigurationList;
			buildConfigurations = (
				C1E5CBE727F2BF360087882E /* Debug */,
				C1E5CBE827F2BF360087882E /* Release */,
			);
			defaultConfigurationIsVisible = 0;
			defaultConfigurationName = Release;
		};
/* End XCConfigurationList section */
	};
	rootObject = C1E5CBAE27F2BF330087882E /* Project object */;
}
